// !$*UTF8*$!
{
	archiveVersion = 1;
	classes = {
	};
	objectVersion = 55;
	objects = {

/* Begin PBXBuildFile section */
		B6DDA7912748BBB0005E239A /* AppDelegate.swift in Sources */ = {isa = PBXBuildFile; fileRef = B6DDA7902748BBB0005E239A /* AppDelegate.swift */; };
		B6DDA7932748BBB0005E239A /* SceneDelegate.swift in Sources */ = {isa = PBXBuildFile; fileRef = B6DDA7922748BBB0005E239A /* SceneDelegate.swift */; };
		B6DDA7952748BBB0005E239A /* ViewController.swift in Sources */ = {isa = PBXBuildFile; fileRef = B6DDA7942748BBB0005E239A /* ViewController.swift */; };
		B6DDA7982748BBB0005E239A /* Main.storyboard in Resources */ = {isa = PBXBuildFile; fileRef = B6DDA7962748BBB0005E239A /* Main.storyboard */; };
		B6DDA79B2748BBB0005E239A /* SwiftInterviewQuestions.xcdatamodeld in Sources */ = {isa = PBXBuildFile; fileRef = B6DDA7992748BBB0005E239A /* SwiftInterviewQuestions.xcdatamodeld */; };
		B6DDA79D2748BBB2005E239A /* Assets.xcassets in Resources */ = {isa = PBXBuildFile; fileRef = B6DDA79C2748BBB2005E239A /* Assets.xcassets */; };
		B6DDA7A02748BBB2005E239A /* LaunchScreen.storyboard in Resources */ = {isa = PBXBuildFile; fileRef = B6DDA79E2748BBB2005E239A /* LaunchScreen.storyboard */; };
		B6DDA7AB2748BBB3005E239A /* SwiftInterviewQuestionsTests.swift in Sources */ = {isa = PBXBuildFile; fileRef = B6DDA7AA2748BBB3005E239A /* SwiftInterviewQuestionsTests.swift */; };
		B6DDA7B52748BBB3005E239A /* SwiftInterviewQuestionsUITests.swift in Sources */ = {isa = PBXBuildFile; fileRef = B6DDA7B42748BBB3005E239A /* SwiftInterviewQuestionsUITests.swift */; };
		B6DDA7B72748BBB3005E239A /* SwiftInterviewQuestionsUITestsLaunchTests.swift in Sources */ = {isa = PBXBuildFile; fileRef = B6DDA7B62748BBB3005E239A /* SwiftInterviewQuestionsUITestsLaunchTests.swift */; };
/* End PBXBuildFile section */

/* Begin PBXContainerItemProxy section */
		B6DDA7A72748BBB3005E239A /* PBXContainerItemProxy */ = {
			isa = PBXContainerItemProxy;
			containerPortal = B6DDA7852748BBB0005E239A /* Project object */;
			proxyType = 1;
			remoteGlobalIDString = B6DDA78C2748BBB0005E239A;
			remoteInfo = SwiftInterviewQuestions;
		};
		B6DDA7B12748BBB3005E239A /* PBXContainerItemProxy */ = {
			isa = PBXContainerItemProxy;
			containerPortal = B6DDA7852748BBB0005E239A /* Project object */;
			proxyType = 1;
			remoteGlobalIDString = B6DDA78C2748BBB0005E239A;
			remoteInfo = SwiftInterviewQuestions;
		};
/* End PBXContainerItemProxy section */

/* Begin PBXFileReference section */
		B6249744274AEEBC00033BF5 /* Tuples.playground */ = {isa = PBXFileReference; lastKnownFileType = file.playground; path = Tuples.playground; sourceTree = "<group>"; xcLanguageSpecificationIdentifier = xcode.lang.swift; };
		B6249745274AF4B400033BF5 /* Fizz_Buzz_FizzBuzz.playground */ = {isa = PBXFileReference; lastKnownFileType = file.playground; path = Fizz_Buzz_FizzBuzz.playground; sourceTree = "<group>"; xcLanguageSpecificationIdentifier = xcode.lang.swift; };
		B6249746274BEFE400033BF5 /* Constants.playground */ = {isa = PBXFileReference; lastKnownFileType = file.playground; path = Constants.playground; sourceTree = "<group>"; xcLanguageSpecificationIdentifier = xcode.lang.swift; };
		B6DDA78D2748BBB0005E239A /* SwiftInterviewQuestions.app */ = {isa = PBXFileReference; explicitFileType = wrapper.application; includeInIndex = 0; path = SwiftInterviewQuestions.app; sourceTree = BUILT_PRODUCTS_DIR; };
		B6DDA7902748BBB0005E239A /* AppDelegate.swift */ = {isa = PBXFileReference; lastKnownFileType = sourcecode.swift; path = AppDelegate.swift; sourceTree = "<group>"; };
		B6DDA7922748BBB0005E239A /* SceneDelegate.swift */ = {isa = PBXFileReference; lastKnownFileType = sourcecode.swift; path = SceneDelegate.swift; sourceTree = "<group>"; };
		B6DDA7942748BBB0005E239A /* ViewController.swift */ = {isa = PBXFileReference; lastKnownFileType = sourcecode.swift; path = ViewController.swift; sourceTree = "<group>"; };
		B6DDA7972748BBB0005E239A /* Base */ = {isa = PBXFileReference; lastKnownFileType = file.storyboard; name = Base; path = Base.lproj/Main.storyboard; sourceTree = "<group>"; };
		B6DDA79A2748BBB0005E239A /* SwiftInterviewQuestions.xcdatamodel */ = {isa = PBXFileReference; lastKnownFileType = wrapper.xcdatamodel; path = SwiftInterviewQuestions.xcdatamodel; sourceTree = "<group>"; };
		B6DDA79C2748BBB2005E239A /* Assets.xcassets */ = {isa = PBXFileReference; lastKnownFileType = folder.assetcatalog; path = Assets.xcassets; sourceTree = "<group>"; };
		B6DDA79F2748BBB2005E239A /* Base */ = {isa = PBXFileReference; lastKnownFileType = file.storyboard; name = Base; path = Base.lproj/LaunchScreen.storyboard; sourceTree = "<group>"; };
		B6DDA7A12748BBB2005E239A /* Info.plist */ = {isa = PBXFileReference; lastKnownFileType = text.plist.xml; path = Info.plist; sourceTree = "<group>"; };
		B6DDA7A62748BBB3005E239A /* SwiftInterviewQuestionsTests.xctest */ = {isa = PBXFileReference; explicitFileType = wrapper.cfbundle; includeInIndex = 0; path = SwiftInterviewQuestionsTests.xctest; sourceTree = BUILT_PRODUCTS_DIR; };
		B6DDA7AA2748BBB3005E239A /* SwiftInterviewQuestionsTests.swift */ = {isa = PBXFileReference; lastKnownFileType = sourcecode.swift; path = SwiftInterviewQuestionsTests.swift; sourceTree = "<group>"; };
		B6DDA7B02748BBB3005E239A /* SwiftInterviewQuestionsUITests.xctest */ = {isa = PBXFileReference; explicitFileType = wrapper.cfbundle; includeInIndex = 0; path = SwiftInterviewQuestionsUITests.xctest; sourceTree = BUILT_PRODUCTS_DIR; };
		B6DDA7B42748BBB3005E239A /* SwiftInterviewQuestionsUITests.swift */ = {isa = PBXFileReference; lastKnownFileType = sourcecode.swift; path = SwiftInterviewQuestionsUITests.swift; sourceTree = "<group>"; };
		B6DDA7B62748BBB3005E239A /* SwiftInterviewQuestionsUITestsLaunchTests.swift */ = {isa = PBXFileReference; lastKnownFileType = sourcecode.swift; path = SwiftInterviewQuestionsUITestsLaunchTests.swift; sourceTree = "<group>"; };
		B6DDA7C62748BC38005E239A /* Variable.playground */ = {isa = PBXFileReference; lastKnownFileType = file.playground; path = Variable.playground; sourceTree = "<group>"; xcLanguageSpecificationIdentifier = xcode.lang.swift; };
		B6DDA7C72748BC95005E239A /* Loops.playground */ = {isa = PBXFileReference; lastKnownFileType = file.playground; path = Loops.playground; sourceTree = "<group>"; xcLanguageSpecificationIdentifier = xcode.lang.swift; };
		B6DDA7C82748BCEA005E239A /* Optionals.playground */ = {isa = PBXFileReference; lastKnownFileType = file.playground; path = Optionals.playground; sourceTree = "<group>"; xcLanguageSpecificationIdentifier = xcode.lang.swift; };
		B6DDA7C92748BD25005E239A /* StructAndClass.playground */ = {isa = PBXFileReference; lastKnownFileType = file.playground; path = StructAndClass.playground; sourceTree = "<group>"; xcLanguageSpecificationIdentifier = xcode.lang.swift; };
		B6DDA7CA2748BD72005E239A /* ArrayEnumDictSet.playground */ = {isa = PBXFileReference; lastKnownFileType = file.playground; path = ArrayEnumDictSet.playground; sourceTree = "<group>"; xcLanguageSpecificationIdentifier = xcode.lang.swift; };
		B6DDA7CB2748BDC4005E239A /* InOut.playground */ = {isa = PBXFileReference; lastKnownFileType = file.playground; path = InOut.playground; sourceTree = "<group>"; xcLanguageSpecificationIdentifier = xcode.lang.swift; };
/* End PBXFileReference section */

/* Begin PBXFrameworksBuildPhase section */
		B6DDA78A2748BBB0005E239A /* Frameworks */ = {
			isa = PBXFrameworksBuildPhase;
			buildActionMask = 2147483647;
			files = (
			);
			runOnlyForDeploymentPostprocessing = 0;
		};
		B6DDA7A32748BBB3005E239A /* Frameworks */ = {
			isa = PBXFrameworksBuildPhase;
			buildActionMask = 2147483647;
			files = (
			);
			runOnlyForDeploymentPostprocessing = 0;
		};
		B6DDA7AD2748BBB3005E239A /* Frameworks */ = {
			isa = PBXFrameworksBuildPhase;
			buildActionMask = 2147483647;
			files = (
			);
			runOnlyForDeploymentPostprocessing = 0;
		};
/* End PBXFrameworksBuildPhase section */

/* Begin PBXGroup section */
		B6DDA7842748BBB0005E239A = {
			isa = PBXGroup;
			children = (
				B6DDA78F2748BBB0005E239A /* SwiftInterviewQuestions */,
				B6DDA7A92748BBB3005E239A /* SwiftInterviewQuestionsTests */,
				B6DDA7B32748BBB3005E239A /* SwiftInterviewQuestionsUITests */,
				B6DDA78E2748BBB0005E239A /* Products */,
			);
			sourceTree = "<group>";
		};
		B6DDA78E2748BBB0005E239A /* Products */ = {
			isa = PBXGroup;
			children = (
				B6DDA78D2748BBB0005E239A /* SwiftInterviewQuestions.app */,
				B6DDA7A62748BBB3005E239A /* SwiftInterviewQuestionsTests.xctest */,
				B6DDA7B02748BBB3005E239A /* SwiftInterviewQuestionsUITests.xctest */,
			);
			name = Products;
			sourceTree = "<group>";
		};
		B6DDA78F2748BBB0005E239A /* SwiftInterviewQuestions */ = {
			isa = PBXGroup;
			children = (
				B6DDA7A12748BBB2005E239A /* Info.plist */,
				B6DDA7C52748BC1A005E239A /* SwiftPlaygroundExamples */,
				B6DDA7C42748BC0E005E239A /* CoreData */,
				B6DDA7C32748BBEC005E239A /* Ignore */,
			);
			path = SwiftInterviewQuestions;
			sourceTree = "<group>";
		};
		B6DDA7A92748BBB3005E239A /* SwiftInterviewQuestionsTests */ = {
			isa = PBXGroup;
			children = (
				B6DDA7AA2748BBB3005E239A /* SwiftInterviewQuestionsTests.swift */,
			);
			path = SwiftInterviewQuestionsTests;
			sourceTree = "<group>";
		};
		B6DDA7B32748BBB3005E239A /* SwiftInterviewQuestionsUITests */ = {
			isa = PBXGroup;
			children = (
				B6DDA7B42748BBB3005E239A /* SwiftInterviewQuestionsUITests.swift */,
				B6DDA7B62748BBB3005E239A /* SwiftInterviewQuestionsUITestsLaunchTests.swift */,
			);
			path = SwiftInterviewQuestionsUITests;
			sourceTree = "<group>";
		};
		B6DDA7C32748BBEC005E239A /* Ignore */ = {
			isa = PBXGroup;
			children = (
				B6DDA7902748BBB0005E239A /* AppDelegate.swift */,
				B6DDA7922748BBB0005E239A /* SceneDelegate.swift */,
				B6DDA7942748BBB0005E239A /* ViewController.swift */,
				B6DDA7962748BBB0005E239A /* Main.storyboard */,
				B6DDA79C2748BBB2005E239A /* Assets.xcassets */,
				B6DDA79E2748BBB2005E239A /* LaunchScreen.storyboard */,
			);
			path = Ignore;
			sourceTree = "<group>";
		};
		B6DDA7C42748BC0E005E239A /* CoreData */ = {
			isa = PBXGroup;
			children = (
				B6DDA7992748BBB0005E239A /* SwiftInterviewQuestions.xcdatamodeld */,
			);
			path = CoreData;
			sourceTree = "<group>";
		};
		B6DDA7C52748BC1A005E239A /* SwiftPlaygroundExamples */ = {
			isa = PBXGroup;
			children = (
				B6DDA7C72748BC95005E239A /* Loops.playground */,
				B6DDA7C62748BC38005E239A /* Variable.playground */,
				B6DDA7C82748BCEA005E239A /* Optionals.playground */,
				B6DDA7C92748BD25005E239A /* StructAndClass.playground */,
				B6DDA7CA2748BD72005E239A /* ArrayEnumDictSet.playground */,
				B6DDA7CB2748BDC4005E239A /* InOut.playground */,
				B6249744274AEEBC00033BF5 /* Tuples.playground */,
				B6249745274AF4B400033BF5 /* Fizz_Buzz_FizzBuzz.playground */,
				B6249746274BEFE400033BF5 /* Constants.playground */,
			);
			path = SwiftPlaygroundExamples;
			sourceTree = "<group>";
		};
/* End PBXGroup section */

/* Begin PBXNativeTarget section */
		B6DDA78C2748BBB0005E239A /* SwiftInterviewQuestions */ = {
			isa = PBXNativeTarget;
			buildConfigurationList = B6DDA7BA2748BBB3005E239A /* Build configuration list for PBXNativeTarget "SwiftInterviewQuestions" */;
			buildPhases = (
				B6DDA7892748BBB0005E239A /* Sources */,
				B6DDA78A2748BBB0005E239A /* Frameworks */,
				B6DDA78B2748BBB0005E239A /* Resources */,
			);
			buildRules = (
			);
			dependencies = (
			);
			name = SwiftInterviewQuestions;
			productName = SwiftInterviewQuestions;
			productReference = B6DDA78D2748BBB0005E239A /* SwiftInterviewQuestions.app */;
			productType = "com.apple.product-type.application";
		};
		B6DDA7A52748BBB3005E239A /* SwiftInterviewQuestionsTests */ = {
			isa = PBXNativeTarget;
			buildConfigurationList = B6DDA7BD2748BBB3005E239A /* Build configuration list for PBXNativeTarget "SwiftInterviewQuestionsTests" */;
			buildPhases = (
				B6DDA7A22748BBB3005E239A /* Sources */,
				B6DDA7A32748BBB3005E239A /* Frameworks */,
				B6DDA7A42748BBB3005E239A /* Resources */,
			);
			buildRules = (
			);
			dependencies = (
				B6DDA7A82748BBB3005E239A /* PBXTargetDependency */,
			);
			name = SwiftInterviewQuestionsTests;
			productName = SwiftInterviewQuestionsTests;
			productReference = B6DDA7A62748BBB3005E239A /* SwiftInterviewQuestionsTests.xctest */;
			productType = "com.apple.product-type.bundle.unit-test";
		};
		B6DDA7AF2748BBB3005E239A /* SwiftInterviewQuestionsUITests */ = {
			isa = PBXNativeTarget;
			buildConfigurationList = B6DDA7C02748BBB3005E239A /* Build configuration list for PBXNativeTarget "SwiftInterviewQuestionsUITests" */;
			buildPhases = (
				B6DDA7AC2748BBB3005E239A /* Sources */,
				B6DDA7AD2748BBB3005E239A /* Frameworks */,
				B6DDA7AE2748BBB3005E239A /* Resources */,
			);
			buildRules = (
			);
			dependencies = (
				B6DDA7B22748BBB3005E239A /* PBXTargetDependency */,
			);
			name = SwiftInterviewQuestionsUITests;
			productName = SwiftInterviewQuestionsUITests;
			productReference = B6DDA7B02748BBB3005E239A /* SwiftInterviewQuestionsUITests.xctest */;
			productType = "com.apple.product-type.bundle.ui-testing";
		};
/* End PBXNativeTarget section */

/* Begin PBXProject section */
		B6DDA7852748BBB0005E239A /* Project object */ = {
			isa = PBXProject;
			attributes = {
				BuildIndependentTargetsInParallel = 1;
				LastSwiftUpdateCheck = 1310;
				LastUpgradeCheck = 1310;
				TargetAttributes = {
					B6DDA78C2748BBB0005E239A = {
						CreatedOnToolsVersion = 13.1;
					};
					B6DDA7A52748BBB3005E239A = {
						CreatedOnToolsVersion = 13.1;
						TestTargetID = B6DDA78C2748BBB0005E239A;
					};
					B6DDA7AF2748BBB3005E239A = {
						CreatedOnToolsVersion = 13.1;
						TestTargetID = B6DDA78C2748BBB0005E239A;
					};
				};
			};
			buildConfigurationList = B6DDA7882748BBB0005E239A /* Build configuration list for PBXProject "SwiftInterviewQuestions" */;
			compatibilityVersion = "Xcode 13.0";
			developmentRegion = en;
			hasScannedForEncodings = 0;
			knownRegions = (
				en,
				Base,
			);
			mainGroup = B6DDA7842748BBB0005E239A;
			productRefGroup = B6DDA78E2748BBB0005E239A /* Products */;
			projectDirPath = "";
			projectRoot = "";
			targets = (
				B6DDA78C2748BBB0005E239A /* SwiftInterviewQuestions */,
				B6DDA7A52748BBB3005E239A /* SwiftInterviewQuestionsTests */,
				B6DDA7AF2748BBB3005E239A /* SwiftInterviewQuestionsUITests */,
			);
		};
/* End PBXProject section */

/* Begin PBXResourcesBuildPhase section */
		B6DDA78B2748BBB0005E239A /* Resources */ = {
			isa = PBXResourcesBuildPhase;
			buildActionMask = 2147483647;
			files = (
				B6DDA7A02748BBB2005E239A /* LaunchScreen.storyboard in Resources */,
				B6DDA79D2748BBB2005E239A /* Assets.xcassets in Resources */,
				B6DDA7982748BBB0005E239A /* Main.storyboard in Resources */,
			);
			runOnlyForDeploymentPostprocessing = 0;
		};
		B6DDA7A42748BBB3005E239A /* Resources */ = {
			isa = PBXResourcesBuildPhase;
			buildActionMask = 2147483647;
			files = (
			);
			runOnlyForDeploymentPostprocessing = 0;
		};
		B6DDA7AE2748BBB3005E239A /* Resources */ = {
			isa = PBXResourcesBuildPhase;
			buildActionMask = 2147483647;
			files = (
			);
			runOnlyForDeploymentPostprocessing = 0;
		};
/* End PBXResourcesBuildPhase section */

/* Begin PBXSourcesBuildPhase section */
		B6DDA7892748BBB0005E239A /* Sources */ = {
			isa = PBXSourcesBuildPhase;
			buildActionMask = 2147483647;
			files = (
				B6DDA7952748BBB0005E239A /* ViewController.swift in Sources */,
				B6DDA79B2748BBB0005E239A /* SwiftInterviewQuestions.xcdatamodeld in Sources */,
				B6DDA7912748BBB0005E239A /* AppDelegate.swift in Sources */,
				B6DDA7932748BBB0005E239A /* SceneDelegate.swift in Sources */,
			);
			runOnlyForDeploymentPostprocessing = 0;
		};
		B6DDA7A22748BBB3005E239A /* Sources */ = {
			isa = PBXSourcesBuildPhase;
			buildActionMask = 2147483647;
			files = (
				B6DDA7AB2748BBB3005E239A /* SwiftInterviewQuestionsTests.swift in Sources */,
			);
			runOnlyForDeploymentPostprocessing = 0;
		};
		B6DDA7AC2748BBB3005E239A /* Sources */ = {
			isa = PBXSourcesBuildPhase;
			buildActionMask = 2147483647;
			files = (
				B6DDA7B72748BBB3005E239A /* SwiftInterviewQuestionsUITestsLaunchTests.swift in Sources */,
				B6DDA7B52748BBB3005E239A /* SwiftInterviewQuestionsUITests.swift in Sources */,
			);
			runOnlyForDeploymentPostprocessing = 0;
		};
/* End PBXSourcesBuildPhase section */

/* Begin PBXTargetDependency section */
		B6DDA7A82748BBB3005E239A /* PBXTargetDependency */ = {
			isa = PBXTargetDependency;
			target = B6DDA78C2748BBB0005E239A /* SwiftInterviewQuestions */;
			targetProxy = B6DDA7A72748BBB3005E239A /* PBXContainerItemProxy */;
		};
		B6DDA7B22748BBB3005E239A /* PBXTargetDependency */ = {
			isa = PBXTargetDependency;
			target = B6DDA78C2748BBB0005E239A /* SwiftInterviewQuestions */;
			targetProxy = B6DDA7B12748BBB3005E239A /* PBXContainerItemProxy */;
		};
/* End PBXTargetDependency section */

/* Begin PBXVariantGroup section */
		B6DDA7962748BBB0005E239A /* Main.storyboard */ = {
			isa = PBXVariantGroup;
			children = (
				B6DDA7972748BBB0005E239A /* Base */,
			);
			name = Main.storyboard;
			sourceTree = "<group>";
		};
		B6DDA79E2748BBB2005E239A /* LaunchScreen.storyboard */ = {
			isa = PBXVariantGroup;
			children = (
				B6DDA79F2748BBB2005E239A /* Base */,
			);
			name = LaunchScreen.storyboard;
			sourceTree = "<group>";
		};
/* End PBXVariantGroup section */

/* Begin XCBuildConfiguration section */
		B6DDA7B82748BBB3005E239A /* Debug */ = {
			isa = XCBuildConfiguration;
			buildSettings = {
				ALWAYS_SEARCH_USER_PATHS = NO;
				CLANG_ANALYZER_NONNULL = YES;
				CLANG_ANALYZER_NUMBER_OBJECT_CONVERSION = YES_AGGRESSIVE;
				CLANG_CXX_LANGUAGE_STANDARD = "gnu++17";
				CLANG_CXX_LIBRARY = "libc++";
				CLANG_ENABLE_MODULES = YES;
				CLANG_ENABLE_OBJC_ARC = YES;
				CLANG_ENABLE_OBJC_WEAK = YES;
				CLANG_WARN_BLOCK_CAPTURE_AUTORELEASING = YES;
				CLANG_WARN_BOOL_CONVERSION = YES;
				CLANG_WARN_COMMA = YES;
				CLANG_WARN_CONSTANT_CONVERSION = YES;
				CLANG_WARN_DEPRECATED_OBJC_IMPLEMENTATIONS = YES;
				CLANG_WARN_DIRECT_OBJC_ISA_USAGE = YES_ERROR;
				CLANG_WARN_DOCUMENTATION_COMMENTS = YES;
				CLANG_WARN_EMPTY_BODY = YES;
				CLANG_WARN_ENUM_CONVERSION = YES;
				CLANG_WARN_INFINITE_RECURSION = YES;
				CLANG_WARN_INT_CONVERSION = YES;
				CLANG_WARN_NON_LITERAL_NULL_CONVERSION = YES;
				CLANG_WARN_OBJC_IMPLICIT_RETAIN_SELF = YES;
				CLANG_WARN_OBJC_LITERAL_CONVERSION = YES;
				CLANG_WARN_OBJC_ROOT_CLASS = YES_ERROR;
				CLANG_WARN_QUOTED_INCLUDE_IN_FRAMEWORK_HEADER = YES;
				CLANG_WARN_RANGE_LOOP_ANALYSIS = YES;
				CLANG_WARN_STRICT_PROTOTYPES = YES;
				CLANG_WARN_SUSPICIOUS_MOVE = YES;
				CLANG_WARN_UNGUARDED_AVAILABILITY = YES_AGGRESSIVE;
				CLANG_WARN_UNREACHABLE_CODE = YES;
				CLANG_WARN__DUPLICATE_METHOD_MATCH = YES;
				COPY_PHASE_STRIP = NO;
				DEBUG_INFORMATION_FORMAT = dwarf;
				ENABLE_STRICT_OBJC_MSGSEND = YES;
				ENABLE_TESTABILITY = YES;
				GCC_C_LANGUAGE_STANDARD = gnu11;
				GCC_DYNAMIC_NO_PIC = NO;
				GCC_NO_COMMON_BLOCKS = YES;
				GCC_OPTIMIZATION_LEVEL = 0;
				GCC_PREPROCESSOR_DEFINITIONS = (
					"DEBUG=1",
					"$(inherited)",
				);
				GCC_WARN_64_TO_32_BIT_CONVERSION = YES;
				GCC_WARN_ABOUT_RETURN_TYPE = YES_ERROR;
				GCC_WARN_UNDECLARED_SELECTOR = YES;
				GCC_WARN_UNINITIALIZED_AUTOS = YES_AGGRESSIVE;
				GCC_WARN_UNUSED_FUNCTION = YES;
				GCC_WARN_UNUSED_VARIABLE = YES;
				IPHONEOS_DEPLOYMENT_TARGET = 15.0;
				MTL_ENABLE_DEBUG_INFO = INCLUDE_SOURCE;
				MTL_FAST_MATH = YES;
				ONLY_ACTIVE_ARCH = YES;
				SDKROOT = iphoneos;
				SWIFT_ACTIVE_COMPILATION_CONDITIONS = DEBUG;
				SWIFT_OPTIMIZATION_LEVEL = "-Onone";
			};
			name = Debug;
		};
		B6DDA7B92748BBB3005E239A /* Release */ = {
			isa = XCBuildConfiguration;
			buildSettings = {
				ALWAYS_SEARCH_USER_PATHS = NO;
				CLANG_ANALYZER_NONNULL = YES;
				CLANG_ANALYZER_NUMBER_OBJECT_CONVERSION = YES_AGGRESSIVE;
				CLANG_CXX_LANGUAGE_STANDARD = "gnu++17";
				CLANG_CXX_LIBRARY = "libc++";
				CLANG_ENABLE_MODULES = YES;
				CLANG_ENABLE_OBJC_ARC = YES;
				CLANG_ENABLE_OBJC_WEAK = YES;
				CLANG_WARN_BLOCK_CAPTURE_AUTORELEASING = YES;
				CLANG_WARN_BOOL_CONVERSION = YES;
				CLANG_WARN_COMMA = YES;
				CLANG_WARN_CONSTANT_CONVERSION = YES;
				CLANG_WARN_DEPRECATED_OBJC_IMPLEMENTATIONS = YES;
				CLANG_WARN_DIRECT_OBJC_ISA_USAGE = YES_ERROR;
				CLANG_WARN_DOCUMENTATION_COMMENTS = YES;
				CLANG_WARN_EMPTY_BODY = YES;
				CLANG_WARN_ENUM_CONVERSION = YES;
				CLANG_WARN_INFINITE_RECURSION = YES;
				CLANG_WARN_INT_CONVERSION = YES;
				CLANG_WARN_NON_LITERAL_NULL_CONVERSION = YES;
				CLANG_WARN_OBJC_IMPLICIT_RETAIN_SELF = YES;
				CLANG_WARN_OBJC_LITERAL_CONVERSION = YES;
				CLANG_WARN_OBJC_ROOT_CLASS = YES_ERROR;
				CLANG_WARN_QUOTED_INCLUDE_IN_FRAMEWORK_HEADER = YES;
				CLANG_WARN_RANGE_LOOP_ANALYSIS = YES;
				CLANG_WARN_STRICT_PROTOTYPES = YES;
				CLANG_WARN_SUSPICIOUS_MOVE = YES;
				CLANG_WARN_UNGUARDED_AVAILABILITY = YES_AGGRESSIVE;
				CLANG_WARN_UNREACHABLE_CODE = YES;
				CLANG_WARN__DUPLICATE_METHOD_MATCH = YES;
				COPY_PHASE_STRIP = NO;
				DEBUG_INFORMATION_FORMAT = "dwarf-with-dsym";
				ENABLE_NS_ASSERTIONS = NO;
				ENABLE_STRICT_OBJC_MSGSEND = YES;
				GCC_C_LANGUAGE_STANDARD = gnu11;
				GCC_NO_COMMON_BLOCKS = YES;
				GCC_WARN_64_TO_32_BIT_CONVERSION = YES;
				GCC_WARN_ABOUT_RETURN_TYPE = YES_ERROR;
				GCC_WARN_UNDECLARED_SELECTOR = YES;
				GCC_WARN_UNINITIALIZED_AUTOS = YES_AGGRESSIVE;
				GCC_WARN_UNUSED_FUNCTION = YES;
				GCC_WARN_UNUSED_VARIABLE = YES;
				IPHONEOS_DEPLOYMENT_TARGET = 15.0;
				MTL_ENABLE_DEBUG_INFO = NO;
				MTL_FAST_MATH = YES;
				SDKROOT = iphoneos;
				SWIFT_COMPILATION_MODE = wholemodule;
				SWIFT_OPTIMIZATION_LEVEL = "-O";
				VALIDATE_PRODUCT = YES;
			};
			name = Release;
		};
		B6DDA7BB2748BBB3005E239A /* Debug */ = {
			isa = XCBuildConfiguration;
			buildSettings = {
				ASSETCATALOG_COMPILER_APPICON_NAME = AppIcon;
				ASSETCATALOG_COMPILER_GLOBAL_ACCENT_COLOR_NAME = AccentColor;
				CODE_SIGN_STYLE = Automatic;
				CURRENT_PROJECT_VERSION = 1;
				DEVELOPMENT_TEAM = 3MSCVD9F92;
				GENERATE_INFOPLIST_FILE = YES;
				INFOPLIST_FILE = SwiftInterviewQuestions/Info.plist;
				INFOPLIST_KEY_UIApplicationSupportsIndirectInputEvents = YES;
				INFOPLIST_KEY_UILaunchStoryboardName = LaunchScreen;
				INFOPLIST_KEY_UIMainStoryboardFile = Main;
				INFOPLIST_KEY_UISupportedInterfaceOrientations_iPad = "UIInterfaceOrientationPortrait UIInterfaceOrientationPortraitUpsideDown UIInterfaceOrientationLandscapeLeft UIInterfaceOrientationLandscapeRight";
				INFOPLIST_KEY_UISupportedInterfaceOrientations_iPhone = "UIInterfaceOrientationPortrait UIInterfaceOrientationLandscapeLeft UIInterfaceOrientationLandscapeRight";
				LD_RUNPATH_SEARCH_PATHS = (
					"$(inherited)",
					"@executable_path/Frameworks",
				);
				MARKETING_VERSION = 1.0;
				PRODUCT_BUNDLE_IDENTIFIER = com.spacemulecode.SwiftInterviewQuestions;
				PRODUCT_NAME = "$(TARGET_NAME)";
				SWIFT_EMIT_LOC_STRINGS = YES;
				SWIFT_VERSION = 5.0;
				TARGETED_DEVICE_FAMILY = "1,2";
			};
			name = Debug;
		};
		B6DDA7BC2748BBB3005E239A /* Release */ = {
			isa = XCBuildConfiguration;
			buildSettings = {
				ASSETCATALOG_COMPILER_APPICON_NAME = AppIcon;
				ASSETCATALOG_COMPILER_GLOBAL_ACCENT_COLOR_NAME = AccentColor;
				CODE_SIGN_STYLE = Automatic;
				CURRENT_PROJECT_VERSION = 1;
				DEVELOPMENT_TEAM = 3MSCVD9F92;
				GENERATE_INFOPLIST_FILE = YES;
				INFOPLIST_FILE = SwiftInterviewQuestions/Info.plist;
				INFOPLIST_KEY_UIApplicationSupportsIndirectInputEvents = YES;
				INFOPLIST_KEY_UILaunchStoryboardName = LaunchScreen;
				INFOPLIST_KEY_UIMainStoryboardFile = Main;
				INFOPLIST_KEY_UISupportedInterfaceOrientations_iPad = "UIInterfaceOrientationPortrait UIInterfaceOrientationPortraitUpsideDown UIInterfaceOrientationLandscapeLeft UIInterfaceOrientationLandscapeRight";
				INFOPLIST_KEY_UISupportedInterfaceOrientations_iPhone = "UIInterfaceOrientationPortrait UIInterfaceOrientationLandscapeLeft UIInterfaceOrientationLandscapeRight";
				LD_RUNPATH_SEARCH_PATHS = (
					"$(inherited)",
					"@executable_path/Frameworks",
				);
				MARKETING_VERSION = 1.0;
				PRODUCT_BUNDLE_IDENTIFIER = com.spacemulecode.SwiftInterviewQuestions;
				PRODUCT_NAME = "$(TARGET_NAME)";
				SWIFT_EMIT_LOC_STRINGS = YES;
				SWIFT_VERSION = 5.0;
				TARGETED_DEVICE_FAMILY = "1,2";
			};
			name = Release;
		};
		B6DDA7BE2748BBB3005E239A /* Debug */ = {
			isa = XCBuildConfiguration;
			buildSettings = {
				ALWAYS_EMBED_SWIFT_STANDARD_LIBRARIES = YES;
				BUNDLE_LOADER = "$(TEST_HOST)";
				CODE_SIGN_STYLE = Automatic;
				CURRENT_PROJECT_VERSION = 1;
				DEVELOPMENT_TEAM = 3MSCVD9F92;
				GENERATE_INFOPLIST_FILE = YES;
				IPHONEOS_DEPLOYMENT_TARGET = 15.0;
				LD_RUNPATH_SEARCH_PATHS = (
					"$(inherited)",
					"@executable_path/Frameworks",
					"@loader_path/Frameworks",
				);
				MARKETING_VERSION = 1.0;
				PRODUCT_BUNDLE_IDENTIFIER = com.spacemulecode.SwiftInterviewQuestionsTests;
				PRODUCT_NAME = "$(TARGET_NAME)";
				SWIFT_EMIT_LOC_STRINGS = NO;
				SWIFT_VERSION = 5.0;
				TARGETED_DEVICE_FAMILY = "1,2";
				TEST_HOST = "$(BUILT_PRODUCTS_DIR)/SwiftInterviewQuestions.app/SwiftInterviewQuestions";
			};
			name = Debug;
		};
		B6DDA7BF2748BBB3005E239A /* Release */ = {
			isa = XCBuildConfiguration;
			buildSettings = {
				ALWAYS_EMBED_SWIFT_STANDARD_LIBRARIES = YES;
				BUNDLE_LOADER = "$(TEST_HOST)";
				CODE_SIGN_STYLE = Automatic;
				CURRENT_PROJECT_VERSION = 1;
				DEVELOPMENT_TEAM = 3MSCVD9F92;
				GENERATE_INFOPLIST_FILE = YES;
				IPHONEOS_DEPLOYMENT_TARGET = 15.0;
				LD_RUNPATH_SEARCH_PATHS = (
					"$(inherited)",
					"@executable_path/Frameworks",
					"@loader_path/Frameworks",
				);
				MARKETING_VERSION = 1.0;
				PRODUCT_BUNDLE_IDENTIFIER = com.spacemulecode.SwiftInterviewQuestionsTests;
				PRODUCT_NAME = "$(TARGET_NAME)";
				SWIFT_EMIT_LOC_STRINGS = NO;
				SWIFT_VERSION = 5.0;
				TARGETED_DEVICE_FAMILY = "1,2";
				TEST_HOST = "$(BUILT_PRODUCTS_DIR)/SwiftInterviewQuestions.app/SwiftInterviewQuestions";
			};
			name = Release;
		};
		B6DDA7C12748BBB3005E239A /* Debug */ = {
			isa = XCBuildConfiguration;
			buildSettings = {
				ALWAYS_EMBED_SWIFT_STANDARD_LIBRARIES = YES;
				CODE_SIGN_STYLE = Automatic;
				CURRENT_PROJECT_VERSION = 1;
				DEVELOPMENT_TEAM = 3MSCVD9F92;
				GENERATE_INFOPLIST_FILE = YES;
				LD_RUNPATH_SEARCH_PATHS = (
					"$(inherited)",
					"@executable_path/Frameworks",
					"@loader_path/Frameworks",
				);
				MARKETING_VERSION = 1.0;
				PRODUCT_BUNDLE_IDENTIFIER = com.spacemulecode.SwiftInterviewQuestionsUITests;
				PRODUCT_NAME = "$(TARGET_NAME)";
				SWIFT_EMIT_LOC_STRINGS = NO;
				SWIFT_VERSION = 5.0;
				TARGETED_DEVICE_FAMILY = "1,2";
				TEST_TARGET_NAME = SwiftInterviewQuestions;
			};
			name = Debug;
		};
		B6DDA7C22748BBB3005E239A /* Release */ = {
			isa = XCBuildConfiguration;
			buildSettings = {
				ALWAYS_EMBED_SWIFT_STANDARD_LIBRARIES = YES;
				CODE_SIGN_STYLE = Automatic;
				CURRENT_PROJECT_VERSION = 1;
				DEVELOPMENT_TEAM = 3MSCVD9F92;
				GENERATE_INFOPLIST_FILE = YES;
				LD_RUNPATH_SEARCH_PATHS = (
					"$(inherited)",
					"@executable_path/Frameworks",
					"@loader_path/Frameworks",
				);
				MARKETING_VERSION = 1.0;
				PRODUCT_BUNDLE_IDENTIFIER = com.spacemulecode.SwiftInterviewQuestionsUITests;
				PRODUCT_NAME = "$(TARGET_NAME)";
				SWIFT_EMIT_LOC_STRINGS = NO;
				SWIFT_VERSION = 5.0;
				TARGETED_DEVICE_FAMILY = "1,2";
				TEST_TARGET_NAME = SwiftInterviewQuestions;
			};
			name = Release;
		};
/* End XCBuildConfiguration section */

/* Begin XCConfigurationList section */
		B6DDA7882748BBB0005E239A /* Build configuration list for PBXProject "SwiftInterviewQuestions" */ = {
			isa = XCConfigurationList;
			buildConfigurations = (
				B6DDA7B82748BBB3005E239A /* Debug */,
				B6DDA7B92748BBB3005E239A /* Release */,
			);
			defaultConfigurationIsVisible = 0;
			defaultConfigurationName = Release;
		};
		B6DDA7BA2748BBB3005E239A /* Build configuration list for PBXNativeTarget "SwiftInterviewQuestions" */ = {
			isa = XCConfigurationList;
			buildConfigurations = (
				B6DDA7BB2748BBB3005E239A /* Debug */,
				B6DDA7BC2748BBB3005E239A /* Release */,
			);
			defaultConfigurationIsVisible = 0;
			defaultConfigurationName = Release;
		};
		B6DDA7BD2748BBB3005E239A /* Build configuration list for PBXNativeTarget "SwiftInterviewQuestionsTests" */ = {
			isa = XCConfigurationList;
			buildConfigurations = (
				B6DDA7BE2748BBB3005E239A /* Debug */,
				B6DDA7BF2748BBB3005E239A /* Release */,
			);
			defaultConfigurationIsVisible = 0;
			defaultConfigurationName = Release;
		};
		B6DDA7C02748BBB3005E239A /* Build configuration list for PBXNativeTarget "SwiftInterviewQuestionsUITests" */ = {
			isa = XCConfigurationList;
			buildConfigurations = (
				B6DDA7C12748BBB3005E239A /* Debug */,
				B6DDA7C22748BBB3005E239A /* Release */,
			);
			defaultConfigurationIsVisible = 0;
			defaultConfigurationName = Release;
		};
/* End XCConfigurationList section */

/* Begin XCVersionGroup section */
		B6DDA7992748BBB0005E239A /* SwiftInterviewQuestions.xcdatamodeld */ = {
			isa = XCVersionGroup;
			children = (
				B6DDA79A2748BBB0005E239A /* SwiftInterviewQuestions.xcdatamodel */,
			);
			currentVersion = B6DDA79A2748BBB0005E239A /* SwiftInterviewQuestions.xcdatamodel */;
			path = SwiftInterviewQuestions.xcdatamodeld;
			sourceTree = "<group>";
			versionGroupType = wrapper.xcdatamodel;
		};
/* End XCVersionGroup section */
	};
	rootObject = B6DDA7852748BBB0005E239A /* Project object */;
}
